
Microsoft Visual Studio Solution File, Format Version 12.00
# Visual Studio Version 17
VisualStudioVersion = 17.3.32825.248
MinimumVisualStudioVersion = 10.0.40219.1
Project("{FAE04EC0-301F-11D3-BF4B-00C04F79EFBC}") = "Employee", "Employee.csproj", "{3A43FBD0-8F13-4C52-91FB-C1A021CB8909}"
EndProject
Global
	GlobalSection(SolutionConfigurationPlatforms) = preSolution
		Debug|Any CPU = Debug|Any CPU
		Release|Any CPU = Release|Any CPU
	EndGlobalSection
	GlobalSection(ProjectConfigurationPlatforms) = postSolution
		{3A43FBD0-8F13-4C52-91FB-C1A021CB8909}.Debug|Any CPU.ActiveCfg = Debug|Any CPU
		{3A43FBD0-8F13-4C52-91FB-C1A021CB8909}.Debug|Any CPU.Build.0 = Debug|Any CPU
		{3A43FBD0-8F13-4C52-91FB-C1A021CB8909}.Release|Any CPU.ActiveCfg = Release|Any CPU
		{3A43FBD0-8F13-4C52-91FB-C1A021CB8909}.Release|Any CPU.Build.0 = Release|Any CPU
	EndGlobalSection
	GlobalSection(SolutionProperties) = preSolution
		HideSolutionNode = FALSE
	EndGlobalSection
	GlobalSection(ExtensibilityGlobals) = postSolution
		SolutionGuid = {7ED2F227-A9FF-4AB8-B017-B5F052F4FCF0}
	EndGlobalSection
EndGlobal
